
Microsoft Visual Studio Solution File, Format Version 12.00
# Visual Studio Version 17
VisualStudioVersion = 17.5.33516.290
MinimumVisualStudioVersion = 10.0.40219.1
Project("{9A19103F-16F7-4668-BE54-9A1E7A4F7556}") = "AutomotrizBack", "AutomotrizBack\AutomotrizBack.csproj", "{62530BB1-CFCE-4B2C-8CC6-458E26DC875B}"
EndProject
Project("{9A19103F-16F7-4668-BE54-9A1E7A4F7556}") = "AutomotrizFront", "AutomotrizFront\AutomotrizFront.csproj", "{8677E3AF-61DC-42D7-87DC-E4A8B0336447}"
EndProject
Project("{FAE04EC0-301F-11D3-BF4B-00C04F79EFBC}") = "AutomotrizApi", "AutomotrizApi\AutomotrizApi.csproj", "{94168828-ED90-4319-864D-914A9B1353EE}"
EndProject
Global
	GlobalSection(SolutionConfigurationPlatforms) = preSolution
		Debug|Any CPU = Debug|Any CPU
		Release|Any CPU = Release|Any CPU
	EndGlobalSection
	GlobalSection(ProjectConfigurationPlatforms) = postSolution
		{62530BB1-CFCE-4B2C-8CC6-458E26DC875B}.Debug|Any CPU.ActiveCfg = Debug|Any CPU
		{62530BB1-CFCE-4B2C-8CC6-458E26DC875B}.Debug|Any CPU.Build.0 = Debug|Any CPU
		{62530BB1-CFCE-4B2C-8CC6-458E26DC875B}.Release|Any CPU.ActiveCfg = Release|Any CPU
		{62530BB1-CFCE-4B2C-8CC6-458E26DC875B}.Release|Any CPU.Build.0 = Release|Any CPU
		{8677E3AF-61DC-42D7-87DC-E4A8B0336447}.Debug|Any CPU.ActiveCfg = Debug|Any CPU
		{8677E3AF-61DC-42D7-87DC-E4A8B0336447}.Debug|Any CPU.Build.0 = Debug|Any CPU
		{8677E3AF-61DC-42D7-87DC-E4A8B0336447}.Release|Any CPU.ActiveCfg = Release|Any CPU
		{8677E3AF-61DC-42D7-87DC-E4A8B0336447}.Release|Any CPU.Build.0 = Release|Any CPU
		{94168828-ED90-4319-864D-914A9B1353EE}.Debug|Any CPU.ActiveCfg = Debug|Any CPU
		{94168828-ED90-4319-864D-914A9B1353EE}.Debug|Any CPU.Build.0 = Debug|Any CPU
		{94168828-ED90-4319-864D-914A9B1353EE}.Release|Any CPU.ActiveCfg = Release|Any CPU
		{94168828-ED90-4319-864D-914A9B1353EE}.Release|Any CPU.Build.0 = Release|Any CPU
	EndGlobalSection
	GlobalSection(SolutionProperties) = preSolution
		HideSolutionNode = FALSE
	EndGlobalSection
	GlobalSection(ExtensibilityGlobals) = postSolution
		SolutionGuid = {51F9CB41-20DD-4992-A087-072724A3DB8F}
	EndGlobalSection
EndGlobal
